
Microsoft Visual Studio Solution File, Format Version 12.00
# Visual Studio Version 17
VisualStudioVersion = 17.9.34714.143
MinimumVisualStudioVersion = 10.0.40219.1
Project("{FAE04EC0-301F-11D3-BF4B-00C04F79EFBC}") = "Demoasp", "Demoasp\Demoasp.csproj", "{A0104473-C638-4236-AF07-91C1153CD383}"
EndProject
Global
	GlobalSection(SolutionConfigurationPlatforms) = preSolution
		Debug|Any CPU = Debug|Any CPU
		Release|Any CPU = Release|Any CPU
	EndGlobalSection
	GlobalSection(ProjectConfigurationPlatforms) = postSolution
		{A0104473-C638-4236-AF07-91C1153CD383}.Debug|Any CPU.ActiveCfg = Debug|Any CPU
		{A0104473-C638-4236-AF07-91C1153CD383}.Debug|Any CPU.Build.0 = Debug|Any CPU
		{A0104473-C638-4236-AF07-91C1153CD383}.Release|Any CPU.ActiveCfg = Release|Any CPU
		{A0104473-C638-4236-AF07-91C1153CD383}.Release|Any CPU.Build.0 = Release|Any CPU
	EndGlobalSection
	GlobalSection(SolutionProperties) = preSolution
		HideSolutionNode = FALSE
	EndGlobalSection
	GlobalSection(ExtensibilityGlobals) = postSolution
		SolutionGuid = {FCC3DD1F-07EB-44F5-819F-C3A95DD085E4}
	EndGlobalSection
EndGlobal
